// !$*UTF8*$!
{
	archiveVersion = 1;
	classes = {
	};
	objectVersion = 46;
	objects = {

/* Begin PBXBuildFile section */
		A251141B1C7254C600BA2BF4 /* AppDelegate.swift in Sources */ = {isa = PBXBuildFile; fileRef = A251141A1C7254C600BA2BF4 /* AppDelegate.swift */; };
		A251141D1C7254C600BA2BF4 /* ViewController.swift in Sources */ = {isa = PBXBuildFile; fileRef = A251141C1C7254C600BA2BF4 /* ViewController.swift */; };
		A25114201C7254C600BA2BF4 /* Main.storyboard in Resources */ = {isa = PBXBuildFile; fileRef = A251141E1C7254C600BA2BF4 /* Main.storyboard */; };
		A25114221C7254C600BA2BF4 /* Assets.xcassets in Resources */ = {isa = PBXBuildFile; fileRef = A25114211C7254C600BA2BF4 /* Assets.xcassets */; };
		A25114251C7254C600BA2BF4 /* LaunchScreen.storyboard in Resources */ = {isa = PBXBuildFile; fileRef = A25114231C7254C600BA2BF4 /* LaunchScreen.storyboard */; };
		A251142D1C72574A00BA2BF4 /* the-sun-in-the-sky.jpg in Resources */ = {isa = PBXBuildFile; fileRef = A251142C1C72574A00BA2BF4 /* the-sun-in-the-sky.jpg */; };
/* End PBXBuildFile section */

/* Begin PBXFileReference section */
		A25114171C7254C600BA2BF4 /* WhatstheWeather.app */ = {isa = PBXFileReference; explicitFileType = wrapper.application; includeInIndex = 0; path = WhatstheWeather.app; sourceTree = BUILT_PRODUCTS_DIR; };
		A251141A1C7254C600BA2BF4 /* AppDelegate.swift */ = {isa = PBXFileReference; lastKnownFileType = sourcecode.swift; path = AppDelegate.swift; sourceTree = "<group>"; };
		A251141C1C7254C600BA2BF4 /* ViewController.swift */ = {isa = PBXFileReference; lastKnownFileType = sourcecode.swift; path = ViewController.swift; sourceTree = "<group>"; };
		A251141F1C7254C600BA2BF4 /* Base */ = {isa = PBXFileReference; lastKnownFileType = file.storyboard; name = Base; path = Base.lproj/Main.storyboard; sourceTree = "<group>"; };
		A25114211C7254C600BA2BF4 /* Assets.xcassets */ = {isa = PBXFileReference; lastKnownFileType = folder.assetcatalog; path = Assets.xcassets; sourceTree = "<group>"; };
		A25114241C7254C600BA2BF4 /* Base */ = {isa = PBXFileReference; lastKnownFileType = file.storyboard; name = Base; path = Base.lproj/LaunchScreen.storyboard; sourceTree = "<group>"; };
		A25114261C7254C600BA2BF4 /* Info.plist */ = {isa = PBXFileReference; lastKnownFileType = text.plist.xml; path = Info.plist; sourceTree = "<group>"; };
		A251142C1C72574A00BA2BF4 /* the-sun-in-the-sky.jpg */ = {isa = PBXFileReference; lastKnownFileType = image.jpeg; name = "the-sun-in-the-sky.jpg"; path = "../../../Downloads/the-sun-in-the-sky.jpg"; sourceTree = "<group>"; };
/* End PBXFileReference section */

/* Begin PBXFrameworksBuildPhase section */
		A25114141C7254C600BA2BF4 /* Frameworks */ = {
			isa = PBXFrameworksBuildPhase;
			buildActionMask = 2147483647;
			files = (
			);
			runOnlyForDeploymentPostprocessing = 0;
		};
/* End PBXFrameworksBuildPhase section */

/* Begin PBXGroup section */
		A251140E1C7254C500BA2BF4 = {
			isa = PBXGroup;
			children = (
				A25114191C7254C600BA2BF4 /* WhatstheWeather */,
				A25114181C7254C600BA2BF4 /* Products */,
				A251142C1C72574A00BA2BF4 /* the-sun-in-the-sky.jpg */,
			);
			sourceTree = "<group>";
		};
		A25114181C7254C600BA2BF4 /* Products */ = {
			isa = PBXGroup;
			children = (
				A25114171C7254C600BA2BF4 /* WhatstheWeather.app */,
			);
			name = Products;
			sourceTree = "<group>";
		};
		A25114191C7254C600BA2BF4 /* WhatstheWeather */ = {
			isa = PBXGroup;
			children = (
				A251141A1C7254C600BA2BF4 /* AppDelegate.swift */,
				A251141C1C7254C600BA2BF4 /* ViewController.swift */,
				A251141E1C7254C600BA2BF4 /* Main.storyboard */,
				A25114211C7254C600BA2BF4 /* Assets.xcassets */,
				A25114231C7254C600BA2BF4 /* LaunchScreen.storyboard */,
				A25114261C7254C600BA2BF4 /* Info.plist */,
			);
			path = WhatstheWeather;
			sourceTree = "<group>";
		};
/* End PBXGroup section */

/* Begin PBXNativeTarget section */
		A25114161C7254C600BA2BF4 /* WhatstheWeather */ = {
			isa = PBXNativeTarget;
			buildConfigurationList = A25114291C7254C600BA2BF4 /* Build configuration list for PBXNativeTarget "WhatstheWeather" */;
			buildPhases = (
				A25114131C7254C600BA2BF4 /* Sources */,
				A25114141C7254C600BA2BF4 /* Frameworks */,
				A25114151C7254C600BA2BF4 /* Resources */,
			);
			buildRules = (
			);
			dependencies = (
			);
			name = WhatstheWeather;
			productName = WhatstheWeather;
			productReference = A25114171C7254C600BA2BF4 /* WhatstheWeather.app */;
			productType = "com.apple.product-type.application";
		};
/* End PBXNativeTarget section */

/* Begin PBXProject section */
		A251140F1C7254C500BA2BF4 /* Project object */ = {
			isa = PBXProject;
			attributes = {
				LastSwiftUpdateCheck = 0720;
				LastUpgradeCheck = 0720;
				ORGANIZATIONNAME = umsi363w16;
				TargetAttributes = {
					A25114161C7254C600BA2BF4 = {
						CreatedOnToolsVersion = 7.2.1;
					};
				};
			};
			buildConfigurationList = A25114121C7254C500BA2BF4 /* Build configuration list for PBXProject "WhatstheWeather" */;
			compatibilityVersion = "Xcode 3.2";
			developmentRegion = English;
			hasScannedForEncodings = 0;
			knownRegions = (
				en,
				Base,
			);
			mainGroup = A251140E1C7254C500BA2BF4;
			productRefGroup = A25114181C7254C600BA2BF4 /* Products */;
			projectDirPath = "";
			projectRoot = "";
			targets = (
				A25114161C7254C600BA2BF4 /* WhatstheWeather */,
			);
		};
/* End PBXProject section */

/* Begin PBXResourcesBuildPhase section */
		A25114151C7254C600BA2BF4 /* Resources */ = {
			isa = PBXResourcesBuildPhase;
			buildActionMask = 2147483647;
			files = (
				A25114251C7254C600BA2BF4 /* LaunchScreen.storyboard in Resources */,
				A25114221C7254C600BA2BF4 /* Assets.xcassets in Resources */,
				A25114201C7254C600BA2BF4 /* Main.storyboard in Resources */,
				A251142D1C72574A00BA2BF4 /* the-sun-in-the-sky.jpg in Resources */,
			);
			runOnlyForDeploymentPostprocessing = 0;
		};
/* End PBXResourcesBuildPhase section */

/* Begin PBXSourcesBuildPhase section */
		A25114131C7254C600BA2BF4 /* Sources */ = {
			isa = PBXSourcesBuildPhase;
			buildActionMask = 2147483647;
			files = (
				A251141D1C7254C600BA2BF4 /* ViewController.swift in Sources */,
				A251141B1C7254C600BA2BF4 /* AppDelegate.swift in Sources */,
			);
			runOnlyForDeploymentPostprocessing = 0;
		};
/* End PBXSourcesBuildPhase section */

/* Begin PBXVariantGroup section */
		A251141E1C7254C600BA2BF4 /* Main.storyboard */ = {
			isa = PBXVariantGroup;
			children = (
				A251141F1C7254C600BA2BF4 /* Base */,
			);
			name = Main.storyboard;
			sourceTree = "<group>";
		};
		A25114231C7254C600BA2BF4 /* LaunchScreen.storyboard */ = {
			isa = PBXVariantGroup;
			children = (
				A25114241C7254C600BA2BF4 /* Base */,
			);
			name = LaunchScreen.storyboard;
			sourceTree = "<group>";
		};
/* End PBXVariantGroup section */

/* Begin XCBuildConfiguration section */
		A25114271C7254C600BA2BF4 /* Debug */ = {
			isa = XCBuildConfiguration;
			buildSettings = {
				ALWAYS_SEARCH_USER_PATHS = NO;
				CLANG_CXX_LANGUAGE_STANDARD = "gnu++0x";
				CLANG_CXX_LIBRARY = "libc++";
				CLANG_ENABLE_MODULES = YES;
				CLANG_ENABLE_OBJC_ARC = YES;
				CLANG_WARN_BOOL_CONVERSION = YES;
				CLANG_WARN_CONSTANT_CONVERSION = YES;
				CLANG_WARN_DIRECT_OBJC_ISA_USAGE = YES_ERROR;
				CLANG_WARN_EMPTY_BODY = YES;
				CLANG_WARN_ENUM_CONVERSION = YES;
				CLANG_WARN_INT_CONVERSION = YES;
				CLANG_WARN_OBJC_ROOT_CLASS = YES_ERROR;
				CLANG_WARN_UNREACHABLE_CODE = YES;
				CLANG_WARN__DUPLICATE_METHOD_MATCH = YES;
				"CODE_SIGN_IDENTITY[sdk=iphoneos*]" = "iPhone Developer";
				COPY_PHASE_STRIP = NO;
				DEBUG_INFORMATION_FORMAT = dwarf;
				ENABLE_STRICT_OBJC_MSGSEND = YES;
				ENABLE_TESTABILITY = YES;
				GCC_C_LANGUAGE_STANDARD = gnu99;
				GCC_DYNAMIC_NO_PIC = NO;
				GCC_NO_COMMON_BLOCKS = YES;
				GCC_OPTIMIZATION_LEVEL = 0;
				GCC_PREPROCESSOR_DEFINITIONS = (
					"DEBUG=1",
					"$(inherited)",
				);
				GCC_WARN_64_TO_32_BIT_CONVERSION = YES;
				GCC_WARN_ABOUT_RETURN_TYPE = YES_ERROR;
				GCC_WARN_UNDECLARED_SELECTOR = YES;
				GCC_WARN_UNINITIALIZED_AUTOS = YES_AGGRESSIVE;
				GCC_WARN_UNUSED_FUNCTION = YES;
				GCC_WARN_UNUSED_VARIABLE = YES;
				IPHONEOS_DEPLOYMENT_TARGET = 9.2;
				MTL_ENABLE_DEBUG_INFO = YES;
				ONLY_ACTIVE_ARCH = YES;
				SDKROOT = iphoneos;
				SWIFT_OPTIMIZATION_LEVEL = "-Onone";
			};
			name = Debug;
		};
		A25114281C7254C600BA2BF4 /* Release */ = {
			isa = XCBuildConfiguration;
			buildSettings = {
				ALWAYS_SEARCH_USER_PATHS = NO;
				CLANG_CXX_LANGUAGE_STANDARD = "gnu++0x";
				CLANG_CXX_LIBRARY = "libc++";
				CLANG_ENABLE_MODULES = YES;
				CLANG_ENABLE_OBJC_ARC = YES;
				CLANG_WARN_BOOL_CONVERSION = YES;
				CLANG_WARN_CONSTANT_CONVERSION = YES;
				CLANG_WARN_DIRECT_OBJC_ISA_USAGE = YES_ERROR;
				CLANG_WARN_EMPTY_BODY = YES;
				CLANG_WARN_ENUM_CONVERSION = YES;
				CLANG_WARN_INT_CONVERSION = YES;
				CLANG_WARN_OBJC_ROOT_CLASS = YES_ERROR;
				CLANG_WARN_UNREACHABLE_CODE = YES;
				CLANG_WARN__DUPLICATE_METHOD_MATCH = YES;
				"CODE_SIGN_IDENTITY[sdk=iphoneos*]" = "iPhone Developer";
				COPY_PHASE_STRIP = NO;
				DEBUG_INFORMATION_FORMAT = "dwarf-with-dsym";
				ENABLE_NS_ASSERTIONS = NO;
				ENABLE_STRICT_OBJC_MSGSEND = YES;
				GCC_C_LANGUAGE_STANDARD = gnu99;
				GCC_NO_COMMON_BLOCKS = YES;
				GCC_WARN_64_TO_32_BIT_CONVERSION = YES;
				GCC_WARN_ABOUT_RETURN_TYPE = YES_ERROR;
				GCC_WARN_UNDECLARED_SELECTOR = YES;
				GCC_WARN_UNINITIALIZED_AUTOS = YES_AGGRESSIVE;
				GCC_WARN_UNUSED_FUNCTION = YES;
				GCC_WARN_UNUSED_VARIABLE = YES;
				IPHONEOS_DEPLOYMENT_TARGET = 9.2;
				MTL_ENABLE_DEBUG_INFO = NO;
				SDKROOT = iphoneos;
				VALIDATE_PRODUCT = YES;
			};
			name = Release;
		};
		A251142A1C7254C600BA2BF4 /* Debug */ = {
			isa = XCBuildConfiguration;
			buildSettings = {
				ASSETCATALOG_COMPILER_APPICON_NAME = AppIcon;
				INFOPLIST_FILE = WhatstheWeather/Info.plist;
				LD_RUNPATH_SEARCH_PATHS = "$(inherited) @executable_path/Frameworks";
				PRODUCT_BUNDLE_IDENTIFIER = com.umsi363w16.WhatstheWeather;
				PRODUCT_NAME = "$(TARGET_NAME)";
			};
			name = Debug;
		};
		A251142B1C7254C600BA2BF4 /* Release */ = {
			isa = XCBuildConfiguration;
			buildSettings = {
				ASSETCATALOG_COMPILER_APPICON_NAME = AppIcon;
				INFOPLIST_FILE = WhatstheWeather/Info.plist;
				LD_RUNPATH_SEARCH_PATHS = "$(inherited) @executable_path/Frameworks";
				PRODUCT_BUNDLE_IDENTIFIER = com.umsi363w16.WhatstheWeather;
				PRODUCT_NAME = "$(TARGET_NAME)";
			};
			name = Release;
		};
/* End XCBuildConfiguration section */

/* Begin XCConfigurationList section */
		A25114121C7254C500BA2BF4 /* Build configuration list for PBXProject "WhatstheWeather" */ = {
			isa = XCConfigurationList;
			buildConfigurations = (
				A25114271C7254C600BA2BF4 /* Debug */,
				A25114281C7254C600BA2BF4 /* Release */,
			);
			defaultConfigurationIsVisible = 0;
			defaultConfigurationName = Release;
		};
		A25114291C7254C600BA2BF4 /* Build configuration list for PBXNativeTarget "WhatstheWeather" */ = {
			isa = XCConfigurationList;
			buildConfigurations = (
				A251142A1C7254C600BA2BF4 /* Debug */,
				A251142B1C7254C600BA2BF4 /* Release */,
			);
			defaultConfigurationIsVisible = 0;
		};
/* End XCConfigurationList section */
	};
	rootObject = A251140F1C7254C500BA2BF4 /* Project object */;
}
